<?xml version="1.0" encoding="utf-8"?>
<Project ToolsVersion="4.0" xmlns="http://schemas.microsoft.com/developer/msbuild/2003">
  <ItemGroup>
    <ClCompile Include="main.cpp" />
    <ClCompile Include="extensions_vk.cpp">
      <Filter>vk_extensions</Filter>
    </ClCompile>
    <ClCompile Include="Graphics.cpp">
      <Filter>Graphics</Filter>
    </ClCompile>
    <ClCompile Include="ScanlineGraphics.cpp">
      <Filter>Graphics</Filter>
    </ClCompile>
    <ClCompile Include="Util.cpp">
      <Filter>Util</Filter>
    </ClCompile>
    <ClCompile Include="LoadModel.cpp">
      <Filter>Graphics</Filter>
    </ClCompile>
    <ClCompile Include="..\libs\imgui-master\imgui.cpp">
      <Filter>Imgui</Filter>
    </ClCompile>
    <ClCompile Include="..\libs\imgui-master\imgui_draw.cpp">
      <Filter>Imgui</Filter>
    </ClCompile>
    <ClCompile Include="..\libs\imgui-master\imgui_widgets.cpp">
      <Filter>Imgui</Filter>
    </ClCompile>
    <ClCompile Include="..\libs\imgui-master\backends\imgui_impl_glfw.cpp">
      <Filter>Imgui</Filter>
    </ClCompile>
    <ClCompile Include="..\libs\imgui-master\backends\imgui_impl_vulkan.cpp">
      <Filter>Imgui</Filter>
    </ClCompile>
    <ClCompile Include="TimerWrap.cpp">
      <Filter>Util</Filter>
    </ClCompile>
    <ClCompile Include="App.cpp">
      <Filter>App</Filter>
    </ClCompile>
    <ClCompile Include="Window.cpp">
      <Filter>App</Filter>
    </ClCompile>
    <ClCompile Include="Camera.cpp">
      <Filter>Camera</Filter>
    </ClCompile>
    <ClCompile Include="DescriptorWrap.cpp">
      <Filter>Graphics\Wraps</Filter>
    </ClCompile>
    <ClCompile Include="ImageWrap.cpp">
      <Filter>Graphics\Wraps</Filter>
    </ClCompile>
    <ClCompile Include="RenderPass.cpp">
      <Filter>Graphics\RenderPasses</Filter>
    </ClCompile>
    <ClCompile Include="DOFPass.cpp">
      <Filter>Graphics\RenderPasses</Filter>
    </ClCompile>
    <ClCompile Include="LightingPass.cpp">
      <Filter>Graphics\RenderPasses</Filter>
    </ClCompile>
    <ClCompile Include="BufferDebugDraw.cpp">
      <Filter>Graphics\RenderPasses</Filter>
    </ClCompile>
    <ClCompile Include="TileMaxPass.cpp">
      <Filter>Graphics\RenderPasses</Filter>
    </ClCompile>
    <ClCompile Include="NeighbourMax.cpp">
      <Filter>Graphics\RenderPasses</Filter>
    </ClCompile>
    <ClCompile Include="MBlurPass.cpp">
      <Filter>Graphics\RenderPasses</Filter>
    </ClCompile>
  </ItemGroup>
  <ItemGroup>
    <ClInclude Include="extensions_vk.hpp">
      <Filter>vk_extensions</Filter>
    </ClInclude>
    <ClInclude Include="Graphics.h">
      <Filter>Graphics</Filter>
    </ClInclude>
    <ClInclude Include="Util.h">
      <Filter>Util</Filter>
    </ClInclude>
    <ClInclude Include="shaders\shared_structs.h">
      <Filter>Util</Filter>
    </ClInclude>
    <ClInclude Include="TimerWrap.h">
      <Filter>Util</Filter>
    </ClInclude>
    <ClInclude Include="App.h">
      <Filter>App</Filter>
    </ClInclude>
    <ClInclude Include="Window.h">
      <Filter>App</Filter>
    </ClInclude>
    <ClInclude Include="Camera.h">
      <Filter>Camera</Filter>
    </ClInclude>
    <ClInclude Include="BufferWrap.h">
      <Filter>Graphics\Wraps</Filter>
    </ClInclude>
    <ClInclude Include="DescriptorWrap.h">
      <Filter>Graphics\Wraps</Filter>
    </ClInclude>
    <ClInclude Include="ImageWrap.h">
      <Filter>Graphics\Wraps</Filter>
    </ClInclude>
    <ClInclude Include="RenderPass.h">
      <Filter>Graphics\RenderPasses</Filter>
    </ClInclude>
    <ClInclude Include="DOFPass.h">
      <Filter>Graphics\RenderPasses</Filter>
    </ClInclude>
    <ClInclude Include="LightingPass.h">
      <Filter>Graphics\RenderPasses</Filter>
    </ClInclude>
    <ClInclude Include="BufferDebugDraw.h">
      <Filter>Graphics\RenderPasses</Filter>
    </ClInclude>
    <ClInclude Include="TileMaxPass.h">
      <Filter>Graphics\RenderPasses</Filter>
    </ClInclude>
    <ClInclude Include="NeighbourMax.h">
      <Filter>Graphics\RenderPasses</Filter>
    </ClInclude>
    <ClInclude Include="MBlurPass.h">
      <Filter>Graphics\RenderPasses</Filter>
    </ClInclude>
  </ItemGroup>
  <ItemGroup>
    <Filter Include="vk_extensions">
      <UniqueIdentifier>{856ccbcd-7e27-4c3a-838b-118e947722bf}</UniqueIdentifier>
    </Filter>
    <Filter Include="Graphics">
      <UniqueIdentifier>{a29b13e0-e4bf-4847-b872-2ca8b4115b5b}</UniqueIdentifier>
    </Filter>
    <Filter Include="Util">
      <UniqueIdentifier>{cdccff59-cba8-40ea-95df-d9dd3c12d345}</UniqueIdentifier>
    </Filter>
    <Filter Include="Imgui">
      <UniqueIdentifier>{933404c7-3e2e-446b-8689-75c80f2f3f11}</UniqueIdentifier>
    </Filter>
    <Filter Include="shaders">
      <UniqueIdentifier>{079e75d8-b868-4fc6-9896-ca464975c984}</UniqueIdentifier>
    </Filter>
    <Filter Include="App">
      <UniqueIdentifier>{583a01dc-030d-46ff-bfa9-0667c8638f3b}</UniqueIdentifier>
    </Filter>
    <Filter Include="Camera">
      <UniqueIdentifier>{cda3ef96-a08f-47a4-8e91-31df5208ae84}</UniqueIdentifier>
    </Filter>
    <Filter Include="Graphics\RenderPasses">
      <UniqueIdentifier>{87439a5c-f09d-4e18-b461-e8cfb80eee97}</UniqueIdentifier>
    </Filter>
    <Filter Include="Graphics\Wraps">
      <UniqueIdentifier>{5d12e2d7-0c1c-4b8f-b0ac-ef76599af121}</UniqueIdentifier>
    </Filter>
  </ItemGroup>
  <ItemGroup>
    <CustomBuild Include="shaders\post.frag">
      <Filter>shaders</Filter>
    </CustomBuild>
    <CustomBuild Include="shaders\post.vert">
      <Filter>shaders</Filter>
    </CustomBuild>
    <CustomBuild Include="shaders\scanline.frag">
      <Filter>shaders</Filter>
    </CustomBuild>
    <CustomBuild Include="shaders\scanline.vert">
      <Filter>shaders</Filter>
    </CustomBuild>
    <CustomBuild Include="shaders\DOF.comp">
      <Filter>shaders</Filter>
    </CustomBuild>
    <CustomBuild Include="shaders\BufferDebugDraw.frag">
      <Filter>shaders</Filter>
    </CustomBuild>
    <CustomBuild Include="shaders\BufferDebugDraw.vert">
      <Filter>shaders</Filter>
    </CustomBuild>
    <CustomBuild Include="shaders\TileMax.comp">
      <Filter>shaders</Filter>
    </CustomBuild>
    <CustomBuild Include="shaders\NeighbourMax.comp">
      <Filter>shaders</Filter>
    </CustomBuild>
    <CustomBuild Include="shaders\MBlur.comp">
      <Filter>shaders</Filter>
    </CustomBuild>
  </ItemGroup>
  <ItemGroup>
    <None Include="cpp.hint" />
  </ItemGroup>
</Project>